
Microsoft Visual Studio Solution File, Format Version 12.00
# Visual Studio Version 16
VisualStudioVersion = 16.0.29926.136
MinimumVisualStudioVersion = 10.0.40219.1
Project("{FAE04EC0-301F-11D3-BF4B-00C04F79EFBC}") = "sdir.verify.india", "sdir.verify.india\sdir.verify.india.csproj", "{A996B87F-F9BB-4414-BA32-3CAF1A1137A4}"
EndProject
Global
	GlobalSection(SolutionConfigurationPlatforms) = preSolution
		Debug|Any CPU = Debug|Any CPU
		Release|Any CPU = Release|Any CPU
	EndGlobalSection
	GlobalSection(ProjectConfigurationPlatforms) = postSolution
		{A996B87F-F9BB-4414-BA32-3CAF1A1137A4}.Debug|Any CPU.ActiveCfg = Debug|Any CPU
		{A996B87F-F9BB-4414-BA32-3CAF1A1137A4}.Debug|Any CPU.Build.0 = Debug|Any CPU
		{A996B87F-F9BB-4414-BA32-3CAF1A1137A4}.Release|Any CPU.ActiveCfg = Release|Any CPU
		{A996B87F-F9BB-4414-BA32-3CAF1A1137A4}.Release|Any CPU.Build.0 = Release|Any CPU
	EndGlobalSection
	GlobalSection(SolutionProperties) = preSolution
		HideSolutionNode = FALSE
	EndGlobalSection
	GlobalSection(ExtensibilityGlobals) = postSolution
		SolutionGuid = {40EC750B-BC26-46AF-ACDA-93A501F93884}
	EndGlobalSection
EndGlobal
